
Microsoft Visual Studio Solution File, Format Version 12.00
# Visual Studio 14
VisualStudioVersion = 14.0.25420.1
MinimumVisualStudioVersion = 10.0.40219.1
Project("{FAE04EC0-301F-11D3-BF4B-00C04F79EFBC}") = "Police", "Police\Police.csproj", "{C8904C45-4879-4D08-87D3-3F0C6F76985A}"
EndProject
Project("{FAE04EC0-301F-11D3-BF4B-00C04F79EFBC}") = "Personf", "Personf\Personf.csproj", "{D671C496-49F2-42B0-83A4-1522493BA486}"
EndProject
Global
	GlobalSection(SolutionConfigurationPlatforms) = preSolution
		Debug|Any CPU = Debug|Any CPU
		Release|Any CPU = Release|Any CPU
	EndGlobalSection
	GlobalSection(ProjectConfigurationPlatforms) = postSolution
		{C8904C45-4879-4D08-87D3-3F0C6F76985A}.Debug|Any CPU.ActiveCfg = Debug|Any CPU
		{C8904C45-4879-4D08-87D3-3F0C6F76985A}.Debug|Any CPU.Build.0 = Debug|Any CPU
		{C8904C45-4879-4D08-87D3-3F0C6F76985A}.Release|Any CPU.ActiveCfg = Release|Any CPU
		{C8904C45-4879-4D08-87D3-3F0C6F76985A}.Release|Any CPU.Build.0 = Release|Any CPU
		{D671C496-49F2-42B0-83A4-1522493BA486}.Debug|Any CPU.ActiveCfg = Debug|Any CPU
		{D671C496-49F2-42B0-83A4-1522493BA486}.Debug|Any CPU.Build.0 = Debug|Any CPU
		{D671C496-49F2-42B0-83A4-1522493BA486}.Release|Any CPU.ActiveCfg = Release|Any CPU
		{D671C496-49F2-42B0-83A4-1522493BA486}.Release|Any CPU.Build.0 = Release|Any CPU
	EndGlobalSection
	GlobalSection(SolutionProperties) = preSolution
		HideSolutionNode = FALSE
	EndGlobalSection
EndGlobal
